// !$*UTF8*$!
{
	archiveVersion = 1;
	classes = {
	};
	objectVersion = 56;
	objects = {

/* Begin PBXBuildFile section */
		65D0BA7129E3A426007DA8E0 /* DetailViewController.swift in Sources */ = {isa = PBXBuildFile; fileRef = 65D0BA7029E3A426007DA8E0 /* DetailViewController.swift */; };
		84C6956F29E08C32000CA34B /* HomeViewController.swift in Sources */ = {isa = PBXBuildFile; fileRef = 84C6956E29E08C32000CA34B /* HomeViewController.swift */; };
		84C6957129E08C97000CA34B /* UserTableViewCell.swift in Sources */ = {isa = PBXBuildFile; fileRef = 84C6957029E08C97000CA34B /* UserTableViewCell.swift */; };
		AC11950A29C90A2A000B910A /* CreateAccountViewController2.swift in Sources */ = {isa = PBXBuildFile; fileRef = AC11950929C90A2A000B910A /* CreateAccountViewController2.swift */; };
		ACAE525D29DF985400CFF90F /* ParseSwift in Frameworks */ = {isa = PBXBuildFile; productRef = ACAE525C29DF985400CFF90F /* ParseSwift */; };
		ACCD953F29E227540067980D /* Math.swift in Sources */ = {isa = PBXBuildFile; fileRef = ACCD953E29E227540067980D /* Math.swift */; };
		ACCD954329E22B930067980D /* Fakery in Frameworks */ = {isa = PBXBuildFile; productRef = ACCD954229E22B930067980D /* Fakery */; };
		ACCD954529E237100067980D /* Rizzsults.swift in Sources */ = {isa = PBXBuildFile; fileRef = ACCD954429E237100067980D /* Rizzsults.swift */; };
		ACCD954829E23EFE0067980D /* LoremSwiftum in Frameworks */ = {isa = PBXBuildFile; productRef = ACCD954729E23EFE0067980D /* LoremSwiftum */; };
		ACCD954A29E35F120067980D /* AddRizzViewController.swift in Sources */ = {isa = PBXBuildFile; fileRef = ACCD954929E35F120067980D /* AddRizzViewController.swift */; };
		ACD0113E29BA41E100025FA9 /* PFUser.swift in Sources */ = {isa = PBXBuildFile; fileRef = ACD0113D29BA41E100025FA9 /* PFUser.swift */; };
		ACD0114729BF7C0000025FA9 /* LoginViewController.swift in Sources */ = {isa = PBXBuildFile; fileRef = ACD0114629BF7C0000025FA9 /* LoginViewController.swift */; };
		ACD0114929BF983E00025FA9 /* CreateAccountViewController.swift in Sources */ = {isa = PBXBuildFile; fileRef = ACD0114829BF983E00025FA9 /* CreateAccountViewController.swift */; };
		ACFC5ABE29B7F3E100E38E48 /* AppDelegate.swift in Sources */ = {isa = PBXBuildFile; fileRef = ACFC5ABD29B7F3E100E38E48 /* AppDelegate.swift */; };
		ACFC5AC029B7F3E100E38E48 /* SceneDelegate.swift in Sources */ = {isa = PBXBuildFile; fileRef = ACFC5ABF29B7F3E100E38E48 /* SceneDelegate.swift */; };
		ACFC5AC529B7F3E100E38E48 /* Main.storyboard in Resources */ = {isa = PBXBuildFile; fileRef = ACFC5AC329B7F3E100E38E48 /* Main.storyboard */; };
		ACFC5AC729B7F3E300E38E48 /* Assets.xcassets in Resources */ = {isa = PBXBuildFile; fileRef = ACFC5AC629B7F3E300E38E48 /* Assets.xcassets */; };
		ACFC5ACA29B7F3E300E38E48 /* LaunchScreen.storyboard in Resources */ = {isa = PBXBuildFile; fileRef = ACFC5AC829B7F3E300E38E48 /* LaunchScreen.storyboard */; };
		E17A128429DFB7600057959D /* User.swift in Sources */ = {isa = PBXBuildFile; fileRef = E17A128329DFB7600057959D /* User.swift */; };
		E17A128729E363FC0057959D /* MyRizzCellViewController.swift in Sources */ = {isa = PBXBuildFile; fileRef = E17A128629E363FC0057959D /* MyRizzCellViewController.swift */; };
/* End PBXBuildFile section */

/* Begin PBXFileReference section */
		65D0BA7029E3A426007DA8E0 /* DetailViewController.swift */ = {isa = PBXFileReference; lastKnownFileType = sourcecode.swift; path = DetailViewController.swift; sourceTree = "<group>"; };
		84C6956E29E08C32000CA34B /* HomeViewController.swift */ = {isa = PBXFileReference; lastKnownFileType = sourcecode.swift; path = HomeViewController.swift; sourceTree = "<group>"; };
		84C6957029E08C97000CA34B /* UserTableViewCell.swift */ = {isa = PBXFileReference; lastKnownFileType = sourcecode.swift; path = UserTableViewCell.swift; sourceTree = "<group>"; };
		AC11950929C90A2A000B910A /* CreateAccountViewController2.swift */ = {isa = PBXFileReference; lastKnownFileType = sourcecode.swift; path = CreateAccountViewController2.swift; sourceTree = "<group>"; };
		ACCD953E29E227540067980D /* Math.swift */ = {isa = PBXFileReference; lastKnownFileType = sourcecode.swift; path = Math.swift; sourceTree = "<group>"; };
		ACCD954029E22B360067980D /* GenerateUsers.playground */ = {isa = PBXFileReference; lastKnownFileType = file.playground; path = GenerateUsers.playground; sourceTree = "<group>"; xcLanguageSpecificationIdentifier = xcode.lang.swift; };
		ACCD954429E237100067980D /* Rizzsults.swift */ = {isa = PBXFileReference; lastKnownFileType = sourcecode.swift; path = Rizzsults.swift; sourceTree = "<group>"; };
		ACCD954929E35F120067980D /* AddRizzViewController.swift */ = {isa = PBXFileReference; lastKnownFileType = sourcecode.swift; path = AddRizzViewController.swift; sourceTree = "<group>"; };
		ACD0113D29BA41E100025FA9 /* PFUser.swift */ = {isa = PBXFileReference; lastKnownFileType = sourcecode.swift; path = PFUser.swift; sourceTree = "<group>"; };
		ACD0114629BF7C0000025FA9 /* LoginViewController.swift */ = {isa = PBXFileReference; lastKnownFileType = sourcecode.swift; path = LoginViewController.swift; sourceTree = "<group>"; };
		ACD0114829BF983E00025FA9 /* CreateAccountViewController.swift */ = {isa = PBXFileReference; lastKnownFileType = sourcecode.swift; path = CreateAccountViewController.swift; sourceTree = "<group>"; };
		ACFC5ABA29B7F3E100E38E48 /* RizzTracker.app */ = {isa = PBXFileReference; explicitFileType = wrapper.application; includeInIndex = 0; path = RizzTracker.app; sourceTree = BUILT_PRODUCTS_DIR; };
		ACFC5ABD29B7F3E100E38E48 /* AppDelegate.swift */ = {isa = PBXFileReference; lastKnownFileType = sourcecode.swift; path = AppDelegate.swift; sourceTree = "<group>"; };
		ACFC5ABF29B7F3E100E38E48 /* SceneDelegate.swift */ = {isa = PBXFileReference; lastKnownFileType = sourcecode.swift; path = SceneDelegate.swift; sourceTree = "<group>"; };
		ACFC5AC429B7F3E100E38E48 /* Base */ = {isa = PBXFileReference; lastKnownFileType = file.storyboard; name = Base; path = Base.lproj/Main.storyboard; sourceTree = "<group>"; };
		ACFC5AC629B7F3E300E38E48 /* Assets.xcassets */ = {isa = PBXFileReference; lastKnownFileType = folder.assetcatalog; path = Assets.xcassets; sourceTree = "<group>"; };
		ACFC5AC929B7F3E300E38E48 /* Base */ = {isa = PBXFileReference; lastKnownFileType = file.storyboard; name = Base; path = Base.lproj/LaunchScreen.storyboard; sourceTree = "<group>"; };
		ACFC5ACB29B7F3E300E38E48 /* Info.plist */ = {isa = PBXFileReference; lastKnownFileType = text.plist.xml; path = Info.plist; sourceTree = "<group>"; };
		E17A128329DFB7600057959D /* User.swift */ = {isa = PBXFileReference; lastKnownFileType = sourcecode.swift; path = User.swift; sourceTree = "<group>"; };
		E17A128629E363FC0057959D /* MyRizzCellViewController.swift */ = {isa = PBXFileReference; lastKnownFileType = sourcecode.swift; path = MyRizzCellViewController.swift; sourceTree = "<group>"; };
/* End PBXFileReference section */

/* Begin PBXFrameworksBuildPhase section */
		ACFC5AB729B7F3E100E38E48 /* Frameworks */ = {
			isa = PBXFrameworksBuildPhase;
			buildActionMask = 2147483647;
			files = (
				ACCD954329E22B930067980D /* Fakery in Frameworks */,
				ACAE525D29DF985400CFF90F /* ParseSwift in Frameworks */,
				ACCD954829E23EFE0067980D /* LoremSwiftum in Frameworks */,
			);
			runOnlyForDeploymentPostprocessing = 0;
		};
/* End PBXFrameworksBuildPhase section */

/* Begin PBXGroup section */
		65D0BA6F29E3A3C7007DA8E0 /* DetailControllers */ = {
			isa = PBXGroup;
			children = (
				65D0BA7029E3A426007DA8E0 /* DetailViewController.swift */,
			);
			path = DetailControllers;
			sourceTree = "<group>";
		};
		84C6956D29E08BB1000CA34B /* HomeControllers */ = {
			isa = PBXGroup;
			children = (
				84C6956E29E08C32000CA34B /* HomeViewController.swift */,
				84C6957029E08C97000CA34B /* UserTableViewCell.swift */,
			);
			path = HomeControllers;
			sourceTree = "<group>";
		};
		ACD0113C29BA41A400025FA9 /* Models */ = {
			isa = PBXGroup;
			children = (
				ACD0113D29BA41E100025FA9 /* PFUser.swift */,
				E17A128329DFB7600057959D /* User.swift */,
				ACCD953E29E227540067980D /* Math.swift */,
				ACCD954429E237100067980D /* Rizzsults.swift */,
			);
			path = Models;
			sourceTree = "<group>";
		};
		ACD0114129BF7B8700025FA9 /* LoginControllers */ = {
			isa = PBXGroup;
			children = (
				ACD0114629BF7C0000025FA9 /* LoginViewController.swift */,
				ACD0114829BF983E00025FA9 /* CreateAccountViewController.swift */,
				AC11950929C90A2A000B910A /* CreateAccountViewController2.swift */,
			);
			path = LoginControllers;
			sourceTree = "<group>";
		};
		ACFC5AB129B7F3E100E38E48 = {
			isa = PBXGroup;
			children = (
				ACCD954029E22B360067980D /* GenerateUsers.playground */,
				ACFC5ABC29B7F3E100E38E48 /* RizzTracker */,
				ACFC5ABB29B7F3E100E38E48 /* Products */,
			);
			sourceTree = "<group>";
		};
		ACFC5ABB29B7F3E100E38E48 /* Products */ = {
			isa = PBXGroup;
			children = (
				ACFC5ABA29B7F3E100E38E48 /* RizzTracker.app */,
			);
			name = Products;
			sourceTree = "<group>";
		};
		ACFC5ABC29B7F3E100E38E48 /* RizzTracker */ = {
			isa = PBXGroup;
			children = (
				65D0BA6F29E3A3C7007DA8E0 /* DetailControllers */,
				E17A128529E363860057959D /* Rizz */,
				ACD0113C29BA41A400025FA9 /* Models */,
				ACFC5ABD29B7F3E100E38E48 /* AppDelegate.swift */,
				ACFC5ABF29B7F3E100E38E48 /* SceneDelegate.swift */,
				ACFC5AC329B7F3E100E38E48 /* Main.storyboard */,
				84C6956D29E08BB1000CA34B /* HomeControllers */,
				ACD0114129BF7B8700025FA9 /* LoginControllers */,
				ACFC5AC629B7F3E300E38E48 /* Assets.xcassets */,
				ACFC5AC829B7F3E300E38E48 /* LaunchScreen.storyboard */,
				ACFC5ACB29B7F3E300E38E48 /* Info.plist */,
				ACCD954929E35F120067980D /* AddRizzViewController.swift */,
			);
			path = RizzTracker;
			sourceTree = "<group>";
		};
		E17A128529E363860057959D /* Rizz */ = {
			isa = PBXGroup;
			children = (
				E17A128629E363FC0057959D /* MyRizzCellViewController.swift */,
			);
			path = Rizz;
			sourceTree = "<group>";
		};
/* End PBXGroup section */

/* Begin PBXNativeTarget section */
		ACFC5AB929B7F3E100E38E48 /* RizzTracker */ = {
			isa = PBXNativeTarget;
			buildConfigurationList = ACFC5ACE29B7F3E300E38E48 /* Build configuration list for PBXNativeTarget "RizzTracker" */;
			buildPhases = (
				ACFC5AB629B7F3E100E38E48 /* Sources */,
				ACFC5AB729B7F3E100E38E48 /* Frameworks */,
				ACFC5AB829B7F3E100E38E48 /* Resources */,
			);
			buildRules = (
			);
			dependencies = (
			);
			name = RizzTracker;
			packageProductDependencies = (
				ACAE525C29DF985400CFF90F /* ParseSwift */,
				ACCD954229E22B930067980D /* Fakery */,
				ACCD954729E23EFE0067980D /* LoremSwiftum */,
			);
			productName = RizzTracker;
			productReference = ACFC5ABA29B7F3E100E38E48 /* RizzTracker.app */;
			productType = "com.apple.product-type.application";
		};
/* End PBXNativeTarget section */

/* Begin PBXProject section */
		ACFC5AB229B7F3E100E38E48 /* Project object */ = {
			isa = PBXProject;
			attributes = {
				BuildIndependentTargetsInParallel = 1;
				LastSwiftUpdateCheck = 1420;
				LastUpgradeCheck = 1420;
				TargetAttributes = {
					ACFC5AB929B7F3E100E38E48 = {
						CreatedOnToolsVersion = 14.2;
					};
				};
			};
			buildConfigurationList = ACFC5AB529B7F3E100E38E48 /* Build configuration list for PBXProject "RizzTracker" */;
			compatibilityVersion = "Xcode 14.0";
			developmentRegion = en;
			hasScannedForEncodings = 0;
			knownRegions = (
				en,
				Base,
			);
			mainGroup = ACFC5AB129B7F3E100E38E48;
			packageReferences = (
				ACAE525B29DF985400CFF90F /* XCRemoteSwiftPackageReference "Parse-Swift" */,
				ACCD954129E22B930067980D /* XCRemoteSwiftPackageReference "Fakery" */,
				ACCD954629E23EFE0067980D /* XCRemoteSwiftPackageReference "LoremSwiftum" */,
			);
			productRefGroup = ACFC5ABB29B7F3E100E38E48 /* Products */;
			projectDirPath = "";
			projectRoot = "";
			targets = (
				ACFC5AB929B7F3E100E38E48 /* RizzTracker */,
			);
		};
/* End PBXProject section */

/* Begin PBXResourcesBuildPhase section */
		ACFC5AB829B7F3E100E38E48 /* Resources */ = {
			isa = PBXResourcesBuildPhase;
			buildActionMask = 2147483647;
			files = (
				ACFC5ACA29B7F3E300E38E48 /* LaunchScreen.storyboard in Resources */,
				ACFC5AC729B7F3E300E38E48 /* Assets.xcassets in Resources */,
				ACFC5AC529B7F3E100E38E48 /* Main.storyboard in Resources */,
			);
			runOnlyForDeploymentPostprocessing = 0;
		};
/* End PBXResourcesBuildPhase section */

/* Begin PBXSourcesBuildPhase section */
		ACFC5AB629B7F3E100E38E48 /* Sources */ = {
			isa = PBXSourcesBuildPhase;
			buildActionMask = 2147483647;
			files = (
				ACD0114929BF983E00025FA9 /* CreateAccountViewController.swift in Sources */,
				84C6957129E08C97000CA34B /* UserTableViewCell.swift in Sources */,
				ACCD954A29E35F120067980D /* AddRizzViewController.swift in Sources */,
				ACCD954529E237100067980D /* Rizzsults.swift in Sources */,
				ACD0113E29BA41E100025FA9 /* PFUser.swift in Sources */,
				E17A128729E363FC0057959D /* MyRizzCellViewController.swift in Sources */,
				ACFC5ABE29B7F3E100E38E48 /* AppDelegate.swift in Sources */,
				84C6956F29E08C32000CA34B /* HomeViewController.swift in Sources */,
				AC11950A29C90A2A000B910A /* CreateAccountViewController2.swift in Sources */,
				ACD0114729BF7C0000025FA9 /* LoginViewController.swift in Sources */,
				ACFC5AC029B7F3E100E38E48 /* SceneDelegate.swift in Sources */,
				E17A128429DFB7600057959D /* User.swift in Sources */,
				ACCD953F29E227540067980D /* Math.swift in Sources */,
				65D0BA7129E3A426007DA8E0 /* DetailViewController.swift in Sources */,
			);
			runOnlyForDeploymentPostprocessing = 0;
		};
/* End PBXSourcesBuildPhase section */

/* Begin PBXVariantGroup section */
		ACFC5AC329B7F3E100E38E48 /* Main.storyboard */ = {
			isa = PBXVariantGroup;
			children = (
				ACFC5AC429B7F3E100E38E48 /* Base */,
			);
			name = Main.storyboard;
			sourceTree = "<group>";
		};
		ACFC5AC829B7F3E300E38E48 /* LaunchScreen.storyboard */ = {
			isa = PBXVariantGroup;
			children = (
				ACFC5AC929B7F3E300E38E48 /* Base */,
			);
			name = LaunchScreen.storyboard;
			sourceTree = "<group>";
		};
/* End PBXVariantGroup section */

/* Begin XCBuildConfiguration section */
		ACFC5ACC29B7F3E300E38E48 /* Debug */ = {
			isa = XCBuildConfiguration;
			buildSettings = {
				ALWAYS_SEARCH_USER_PATHS = NO;
				CLANG_ANALYZER_NONNULL = YES;
				CLANG_ANALYZER_NUMBER_OBJECT_CONVERSION = YES_AGGRESSIVE;
				CLANG_CXX_LANGUAGE_STANDARD = "gnu++20";
				CLANG_ENABLE_MODULES = YES;
				CLANG_ENABLE_OBJC_ARC = YES;
				CLANG_ENABLE_OBJC_WEAK = YES;
				CLANG_WARN_BLOCK_CAPTURE_AUTORELEASING = YES;
				CLANG_WARN_BOOL_CONVERSION = YES;
				CLANG_WARN_COMMA = YES;
				CLANG_WARN_CONSTANT_CONVERSION = YES;
				CLANG_WARN_DEPRECATED_OBJC_IMPLEMENTATIONS = YES;
				CLANG_WARN_DIRECT_OBJC_ISA_USAGE = YES_ERROR;
				CLANG_WARN_DOCUMENTATION_COMMENTS = YES;
				CLANG_WARN_EMPTY_BODY = YES;
				CLANG_WARN_ENUM_CONVERSION = YES;
				CLANG_WARN_INFINITE_RECURSION = YES;
				CLANG_WARN_INT_CONVERSION = YES;
				CLANG_WARN_NON_LITERAL_NULL_CONVERSION = YES;
				CLANG_WARN_OBJC_IMPLICIT_RETAIN_SELF = YES;
				CLANG_WARN_OBJC_LITERAL_CONVERSION = YES;
				CLANG_WARN_OBJC_ROOT_CLASS = YES_ERROR;
				CLANG_WARN_QUOTED_INCLUDE_IN_FRAMEWORK_HEADER = YES;
				CLANG_WARN_RANGE_LOOP_ANALYSIS = YES;
				CLANG_WARN_STRICT_PROTOTYPES = YES;
				CLANG_WARN_SUSPICIOUS_MOVE = YES;
				CLANG_WARN_UNGUARDED_AVAILABILITY = YES_AGGRESSIVE;
				CLANG_WARN_UNREACHABLE_CODE = YES;
				CLANG_WARN__DUPLICATE_METHOD_MATCH = YES;
				COPY_PHASE_STRIP = NO;
				DEBUG_INFORMATION_FORMAT = dwarf;
				ENABLE_STRICT_OBJC_MSGSEND = YES;
				ENABLE_TESTABILITY = YES;
				GCC_C_LANGUAGE_STANDARD = gnu11;
				GCC_DYNAMIC_NO_PIC = NO;
				GCC_NO_COMMON_BLOCKS = YES;
				GCC_OPTIMIZATION_LEVEL = 0;
				GCC_PREPROCESSOR_DEFINITIONS = (
					"DEBUG=1",
					"$(inherited)",
				);
				GCC_WARN_64_TO_32_BIT_CONVERSION = YES;
				GCC_WARN_ABOUT_RETURN_TYPE = YES_ERROR;
				GCC_WARN_UNDECLARED_SELECTOR = YES;
				GCC_WARN_UNINITIALIZED_AUTOS = YES_AGGRESSIVE;
				GCC_WARN_UNUSED_FUNCTION = YES;
				GCC_WARN_UNUSED_VARIABLE = YES;
				IPHONEOS_DEPLOYMENT_TARGET = 16.2;
				MTL_ENABLE_DEBUG_INFO = INCLUDE_SOURCE;
				MTL_FAST_MATH = YES;
				ONLY_ACTIVE_ARCH = YES;
				SDKROOT = iphoneos;
				SWIFT_ACTIVE_COMPILATION_CONDITIONS = DEBUG;
				SWIFT_OPTIMIZATION_LEVEL = "-Onone";
			};
			name = Debug;
		};
		ACFC5ACD29B7F3E300E38E48 /* Release */ = {
			isa = XCBuildConfiguration;
			buildSettings = {
				ALWAYS_SEARCH_USER_PATHS = NO;
				CLANG_ANALYZER_NONNULL = YES;
				CLANG_ANALYZER_NUMBER_OBJECT_CONVERSION = YES_AGGRESSIVE;
				CLANG_CXX_LANGUAGE_STANDARD = "gnu++20";
				CLANG_ENABLE_MODULES = YES;
				CLANG_ENABLE_OBJC_ARC = YES;
				CLANG_ENABLE_OBJC_WEAK = YES;
				CLANG_WARN_BLOCK_CAPTURE_AUTORELEASING = YES;
				CLANG_WARN_BOOL_CONVERSION = YES;
				CLANG_WARN_COMMA = YES;
				CLANG_WARN_CONSTANT_CONVERSION = YES;
				CLANG_WARN_DEPRECATED_OBJC_IMPLEMENTATIONS = YES;
				CLANG_WARN_DIRECT_OBJC_ISA_USAGE = YES_ERROR;
				CLANG_WARN_DOCUMENTATION_COMMENTS = YES;
				CLANG_WARN_EMPTY_BODY = YES;
				CLANG_WARN_ENUM_CONVERSION = YES;
				CLANG_WARN_INFINITE_RECURSION = YES;
				CLANG_WARN_INT_CONVERSION = YES;
				CLANG_WARN_NON_LITERAL_NULL_CONVERSION = YES;
				CLANG_WARN_OBJC_IMPLICIT_RETAIN_SELF = YES;
				CLANG_WARN_OBJC_LITERAL_CONVERSION = YES;
				CLANG_WARN_OBJC_ROOT_CLASS = YES_ERROR;
				CLANG_WARN_QUOTED_INCLUDE_IN_FRAMEWORK_HEADER = YES;
				CLANG_WARN_RANGE_LOOP_ANALYSIS = YES;
				CLANG_WARN_STRICT_PROTOTYPES = YES;
				CLANG_WARN_SUSPICIOUS_MOVE = YES;
				CLANG_WARN_UNGUARDED_AVAILABILITY = YES_AGGRESSIVE;
				CLANG_WARN_UNREACHABLE_CODE = YES;
				CLANG_WARN__DUPLICATE_METHOD_MATCH = YES;
				COPY_PHASE_STRIP = NO;
				DEBUG_INFORMATION_FORMAT = "dwarf-with-dsym";
				ENABLE_NS_ASSERTIONS = NO;
				ENABLE_STRICT_OBJC_MSGSEND = YES;
				GCC_C_LANGUAGE_STANDARD = gnu11;
				GCC_NO_COMMON_BLOCKS = YES;
				GCC_WARN_64_TO_32_BIT_CONVERSION = YES;
				GCC_WARN_ABOUT_RETURN_TYPE = YES_ERROR;
				GCC_WARN_UNDECLARED_SELECTOR = YES;
				GCC_WARN_UNINITIALIZED_AUTOS = YES_AGGRESSIVE;
				GCC_WARN_UNUSED_FUNCTION = YES;
				GCC_WARN_UNUSED_VARIABLE = YES;
				IPHONEOS_DEPLOYMENT_TARGET = 16.2;
				MTL_ENABLE_DEBUG_INFO = NO;
				MTL_FAST_MATH = YES;
				SDKROOT = iphoneos;
				SWIFT_COMPILATION_MODE = wholemodule;
				SWIFT_OPTIMIZATION_LEVEL = "-O";
				VALIDATE_PRODUCT = YES;
			};
			name = Release;
		};
		ACFC5ACF29B7F3E300E38E48 /* Debug */ = {
			isa = XCBuildConfiguration;
			buildSettings = {
				ASSETCATALOG_COMPILER_APPICON_NAME = AppIcon;
				ASSETCATALOG_COMPILER_GLOBAL_ACCENT_COLOR_NAME = AccentColor;
				CODE_SIGN_STYLE = Automatic;
				CURRENT_PROJECT_VERSION = 1;
				DEVELOPMENT_TEAM = 4GSW627A7F;
				GENERATE_INFOPLIST_FILE = YES;
				INFOPLIST_FILE = RizzTracker/Info.plist;
				INFOPLIST_KEY_UIApplicationSupportsIndirectInputEvents = YES;
				INFOPLIST_KEY_UILaunchStoryboardName = LaunchScreen;
				INFOPLIST_KEY_UIMainStoryboardFile = Main;
				INFOPLIST_KEY_UISupportedInterfaceOrientations = UIInterfaceOrientationPortrait;
				LD_RUNPATH_SEARCH_PATHS = (
					"$(inherited)",
					"@executable_path/Frameworks",
				);
				MARKETING_VERSION = 1.0;
				PRODUCT_BUNDLE_IDENTIFIER = codepath.RizzTracker;
				PRODUCT_NAME = "$(TARGET_NAME)";
				SWIFT_EMIT_LOC_STRINGS = YES;
				SWIFT_VERSION = 5.0;
				TARGETED_DEVICE_FAMILY = "1,2";
			};
			name = Debug;
		};
		ACFC5AD029B7F3E300E38E48 /* Release */ = {
			isa = XCBuildConfiguration;
			buildSettings = {
				ASSETCATALOG_COMPILER_APPICON_NAME = AppIcon;
				ASSETCATALOG_COMPILER_GLOBAL_ACCENT_COLOR_NAME = AccentColor;
				CODE_SIGN_STYLE = Automatic;
				CURRENT_PROJECT_VERSION = 1;
				DEVELOPMENT_TEAM = 4GSW627A7F;
				GENERATE_INFOPLIST_FILE = YES;
				INFOPLIST_FILE = RizzTracker/Info.plist;
				INFOPLIST_KEY_UIApplicationSupportsIndirectInputEvents = YES;
				INFOPLIST_KEY_UILaunchStoryboardName = LaunchScreen;
				INFOPLIST_KEY_UIMainStoryboardFile = Main;
				INFOPLIST_KEY_UISupportedInterfaceOrientations = UIInterfaceOrientationPortrait;
				LD_RUNPATH_SEARCH_PATHS = (
					"$(inherited)",
					"@executable_path/Frameworks",
				);
				MARKETING_VERSION = 1.0;
				PRODUCT_BUNDLE_IDENTIFIER = codepath.RizzTracker;
				PRODUCT_NAME = "$(TARGET_NAME)";
				SWIFT_EMIT_LOC_STRINGS = YES;
				SWIFT_VERSION = 5.0;
				TARGETED_DEVICE_FAMILY = "1,2";
			};
			name = Release;
		};
/* End XCBuildConfiguration section */

/* Begin XCConfigurationList section */
		ACFC5AB529B7F3E100E38E48 /* Build configuration list for PBXProject "RizzTracker" */ = {
			isa = XCConfigurationList;
			buildConfigurations = (
				ACFC5ACC29B7F3E300E38E48 /* Debug */,
				ACFC5ACD29B7F3E300E38E48 /* Release */,
			);
			defaultConfigurationIsVisible = 0;
			defaultConfigurationName = Release;
		};
		ACFC5ACE29B7F3E300E38E48 /* Build configuration list for PBXNativeTarget "RizzTracker" */ = {
			isa = XCConfigurationList;
			buildConfigurations = (
				ACFC5ACF29B7F3E300E38E48 /* Debug */,
				ACFC5AD029B7F3E300E38E48 /* Release */,
			);
			defaultConfigurationIsVisible = 0;
			defaultConfigurationName = Release;
		};
/* End XCConfigurationList section */

/* Begin XCRemoteSwiftPackageReference section */
		ACAE525B29DF985400CFF90F /* XCRemoteSwiftPackageReference "Parse-Swift" */ = {
			isa = XCRemoteSwiftPackageReference;
			repositoryURL = "https://github.com/netreconlab/Parse-Swift.git";
			requirement = {
				kind = upToNextMajorVersion;
				minimumVersion = 5.0.0;
			};
		};
		ACCD954129E22B930067980D /* XCRemoteSwiftPackageReference "Fakery" */ = {
			isa = XCRemoteSwiftPackageReference;
			repositoryURL = "https://github.com/vadymmarkov/Fakery.git";
			requirement = {
				kind = upToNextMajorVersion;
				minimumVersion = 5.0.0;
			};
		};
		ACCD954629E23EFE0067980D /* XCRemoteSwiftPackageReference "LoremSwiftum" */ = {
			isa = XCRemoteSwiftPackageReference;
			repositoryURL = "https://github.com/lukaskubanek/LoremSwiftum.git";
			requirement = {
				branch = master;
				kind = branch;
			};
		};
/* End XCRemoteSwiftPackageReference section */

/* Begin XCSwiftPackageProductDependency section */
		ACAE525C29DF985400CFF90F /* ParseSwift */ = {
			isa = XCSwiftPackageProductDependency;
			package = ACAE525B29DF985400CFF90F /* XCRemoteSwiftPackageReference "Parse-Swift" */;
			productName = ParseSwift;
		};
		ACCD954229E22B930067980D /* Fakery */ = {
			isa = XCSwiftPackageProductDependency;
			package = ACCD954129E22B930067980D /* XCRemoteSwiftPackageReference "Fakery" */;
			productName = Fakery;
		};
		ACCD954729E23EFE0067980D /* LoremSwiftum */ = {
			isa = XCSwiftPackageProductDependency;
			package = ACCD954629E23EFE0067980D /* XCRemoteSwiftPackageReference "LoremSwiftum" */;
			productName = LoremSwiftum;
		};
/* End XCSwiftPackageProductDependency section */
	};
	rootObject = ACFC5AB229B7F3E100E38E48 /* Project object */;
}
